PODS:
  - Bolts/Tasks (1.9.0)
  - FSCalendar (2.8.0)
  - Google-Mobile-Ads-SDK (7.37.0)
  - Parse (1.17.2):
    - Parse/Core (= 1.17.2)
  - Parse/Core (1.17.2):
    - Bolts/Tasks (~> 1.9)
  - SVProgressHUD (2.2.5)

DEPENDENCIES:
  - FSCalendar
  - Google-Mobile-Ads-SDK
  - Parse
  - SVProgressHUD

SPEC REPOS:
  https://github.com/cocoapods/specs.git:
    - Bolts
    - FSCalendar
    - Google-Mobile-Ads-SDK
    - Parse
    - SVProgressHUD

SPEC CHECKSUMS:
  Bolts: ac6567323eac61e203f6a9763667d0f711be34c8
  FSCalendar: 3a5ed3636e2ba1b83ebebfcf0c2603105a6f5efe
  Google-Mobile-Ads-SDK: d028682d7450749a1955679da050eaf70d997b3e
  Parse: 3b31a3dd1777b07ee7f0caee32fafbff544483a5
  SVProgressHUD: 1428aafac632c1f86f62aa4243ec12008d7a51d6

PODFILE CHECKSUM: b475b4c8a1de1c7d492068b1435d3255d8373c0a

COCOAPODS: 1.5.3
